
Microsoft Visual Studio Solution File, Format Version 12.00
# Visual Studio Version 17
VisualStudioVersion = 17.5.33627.172
MinimumVisualStudioVersion = 10.0.40219.1
Project("{FAE04EC0-301F-11D3-BF4B-00C04F79EFBC}") = "Calculo_De_Emissão_De_Co2", "Calculo_De_Emissão_De_Co2.csproj", "{8623C068-E838-47D3-A82C-06D77F0B9C7B}"
EndProject
Global
	GlobalSection(SolutionConfigurationPlatforms) = preSolution
		Debug|Any CPU = Debug|Any CPU
		Release|Any CPU = Release|Any CPU
	EndGlobalSection
	GlobalSection(ProjectConfigurationPlatforms) = postSolution
		{8623C068-E838-47D3-A82C-06D77F0B9C7B}.Debug|Any CPU.ActiveCfg = Debug|Any CPU
		{8623C068-E838-47D3-A82C-06D77F0B9C7B}.Debug|Any CPU.Build.0 = Debug|Any CPU
		{8623C068-E838-47D3-A82C-06D77F0B9C7B}.Release|Any CPU.ActiveCfg = Release|Any CPU
		{8623C068-E838-47D3-A82C-06D77F0B9C7B}.Release|Any CPU.Build.0 = Release|Any CPU
	EndGlobalSection
	GlobalSection(SolutionProperties) = preSolution
		HideSolutionNode = FALSE
	EndGlobalSection
	GlobalSection(ExtensibilityGlobals) = postSolution
		SolutionGuid = {483A0822-FDB7-42A7-A366-D6C2F17D8E9B}
	EndGlobalSection
EndGlobal
